
Microsoft Visual Studio Solution File, Format Version 12.00
# Visual Studio Version 16
VisualStudioVersion = 16.0.31613.86
MinimumVisualStudioVersion = 10.0.40219.1
Project("{FAE04EC0-301F-11D3-BF4B-00C04F79EFBC}") = "Senai.Rental.WebApi", "Senai.Rental.WebApi\Senai.Rental.WebApi.csproj", "{DEFA9E80-04B0-44A8-A595-C1910BE7DCF9}"
EndProject
Global
	GlobalSection(SolutionConfigurationPlatforms) = preSolution
		Debug|Any CPU = Debug|Any CPU
		Release|Any CPU = Release|Any CPU
	EndGlobalSection
	GlobalSection(ProjectConfigurationPlatforms) = postSolution
		{DEFA9E80-04B0-44A8-A595-C1910BE7DCF9}.Debug|Any CPU.ActiveCfg = Debug|Any CPU
		{DEFA9E80-04B0-44A8-A595-C1910BE7DCF9}.Debug|Any CPU.Build.0 = Debug|Any CPU
		{DEFA9E80-04B0-44A8-A595-C1910BE7DCF9}.Release|Any CPU.ActiveCfg = Release|Any CPU
		{DEFA9E80-04B0-44A8-A595-C1910BE7DCF9}.Release|Any CPU.Build.0 = Release|Any CPU
	EndGlobalSection
	GlobalSection(SolutionProperties) = preSolution
		HideSolutionNode = FALSE
	EndGlobalSection
	GlobalSection(ExtensibilityGlobals) = postSolution
		SolutionGuid = {28695078-9436-477B-8AE4-31D4B5FD044B}
	EndGlobalSection
EndGlobal
